
Microsoft Visual Studio Solution File, Format Version 12.00
# Visual Studio Version 17
VisualStudioVersion = 17.11.35303.130
MinimumVisualStudioVersion = 10.0.40219.1
Project("{FAE04EC0-301F-11D3-BF4B-00C04F79EFBC}") = "SteamWorkshopDownloader", "SteamWorkshopDownloader\SteamWorkshopDownloader.csproj", "{AEEAA006-59C6-4423-B58B-CE305038C34C}"
EndProject
Global
	GlobalSection(SolutionConfigurationPlatforms) = preSolution
		Debug|Any CPU = Debug|Any CPU
		Release|Any CPU = Release|Any CPU
	EndGlobalSection
	GlobalSection(ProjectConfigurationPlatforms) = postSolution
		{AEEAA006-59C6-4423-B58B-CE305038C34C}.Debug|Any CPU.ActiveCfg = Debug|Any CPU
		{AEEAA006-59C6-4423-B58B-CE305038C34C}.Debug|Any CPU.Build.0 = Debug|Any CPU
		{AEEAA006-59C6-4423-B58B-CE305038C34C}.Release|Any CPU.ActiveCfg = Release|Any CPU
		{AEEAA006-59C6-4423-B58B-CE305038C34C}.Release|Any CPU.Build.0 = Release|Any CPU
	EndGlobalSection
	GlobalSection(SolutionProperties) = preSolution
		HideSolutionNode = FALSE
	EndGlobalSection
	GlobalSection(ExtensibilityGlobals) = postSolution
		SolutionGuid = {1A5259CD-C616-494D-8B4D-BBC59539B108}
	EndGlobalSection
EndGlobal
